{
  "name": "electron-publisher-oss",
  "version": "0.1.0",
  "lockfileVersion": 1,
  "requires": true,
  "dependencies": {
    "7zip-bin": {
      "version": "5.1.1",
      "resolved": "https://registry.npmjs.org/7zip-bin/-/7zip-bin-5.1.1.tgz",
      "integrity": "sha512-sAP4LldeWNz0lNzmTird3uWfFDWWTeg6V/MsmyyLR9X1idwKBWIgt/ZvinqQldJm3LecKEs1emkbquO6PCiLVQ=="
    },
    "@types/debug": {
      "version": "4.1.5",
      "resolved": "https://registry.npmjs.org/@types/debug/-/debug-4.1.5.tgz",
      "integrity": "sha512-Q1y515GcOdTHgagaVFhHnIFQ38ygs/kmxdNpvpou+raI9UO3YZcHDngBSYKQklcKlvA7iuQlmIKbzvmxcOE9CQ=="
    },
    "@types/fs-extra": {
      "version": "9.0.11",
      "resolved": "https://registry.npmjs.org/@types/fs-extra/-/fs-extra-9.0.11.tgz",
      "integrity": "sha512-mZsifGG4QeQ7hlkhO56u7zt/ycBgGxSVsFI/6lGTU34VtwkiqrrSDgw0+ygs8kFGWcXnFQWMrzF2h7TtDFNixA==",
      "requires": {
        "@types/node": "*"
      }
    },
    "@types/node": {
      "version": "15.12.4",
      "resolved": "https://registry.npmjs.org/@types/node/-/node-15.12.4.tgz",
      "integrity": "sha512-zrNj1+yqYF4WskCMOHwN+w9iuD12+dGm0rQ35HLl9/Ouuq52cEtd0CH9qMgrdNmi5ejC1/V7vKEXYubB+65DkA=="
    },
    "ansi-styles": {
      "version": "4.3.0",
      "resolved": "https://registry.npmjs.org/ansi-styles/-/ansi-styles-4.3.0.tgz",
      "integrity": "sha512-zbB9rCJAT1rbjiVDb2hqKFHNYLxgtk8NURxZ3IZwD3F6NtxbXZQCnnSi1Lkx+IDohdPlFp222wVALIheZJQSEg==",
      "requires": {
        "color-convert": "^2.0.1"
      }
    },
    "app-builder-bin": {
      "version": "3.5.13",
      "resolved": "https://registry.npmjs.org/app-builder-bin/-/app-builder-bin-3.5.13.tgz",
      "integrity": "sha512-ighVe9G+bT1ENGdp9ecO1P+94vv/f+FUwaI+XkNzeg9bYF8Oi3BQ+mJuxS00UgyHs8luuOzjzC+qnAtdb43Mpg=="
    },
    "argparse": {
      "version": "2.0.1",
      "resolved": "https://registry.npmjs.org/argparse/-/argparse-2.0.1.tgz",
      "integrity": "sha512-8+9WqebbFzpX9OR+Wa6O29asIogeRMzcGtAINdpMHHyAg10f05aSFVBbcEqGf/PXw1EjAZ+q2/bEBg3DvurK3Q=="
    },
    "async-exit-hook": {
      "version": "2.0.1",
      "resolved": "https://registry.npmjs.org/async-exit-hook/-/async-exit-hook-2.0.1.tgz",
      "integrity": "sha512-NW2cX8m1Q7KPA7a5M2ULQeZ2wR5qI5PAbw5L0UOMxdioVk9PMZ0h1TmyZEkPYrCvYjDlFICusOu1dlEKAAeXBw=="
    },
    "bluebird": {
      "version": "3.7.2",
      "resolved": "https://registry.npmjs.org/bluebird/-/bluebird-3.7.2.tgz",
      "integrity": "sha512-XpNj6GDQzdfW+r2Wnn7xiSAd7TM3jzkxGXBGTtWKuSXv1xUV+azxAm8jdWZN06QTQk+2N2XB9jRDkvbmQmcRtg=="
    },
    "bluebird-lst": {
      "version": "1.0.9",
      "resolved": "https://registry.npmjs.org/bluebird-lst/-/bluebird-lst-1.0.9.tgz",
      "integrity": "sha512-7B1Rtx82hjnSD4PGLAjVWeYH3tHAcVUmChh85a3lltKQm6FresXh9ErQo6oAv6CqxttczC3/kEg8SY5NluPuUw==",
      "requires": {
        "bluebird": "^3.5.5"
      }
    },
    "buffer-from": {
      "version": "1.1.1",
      "resolved": "https://registry.npmjs.org/buffer-from/-/buffer-from-1.1.1.tgz",
      "integrity": "sha512-MQcXEUbCKtEo7bhqEs6560Hyd4XaovZlO/k9V3hjVUF/zwW7KBVdSK4gIt/bzwS9MbR5qob+F5jusZsb0YQK2A=="
    },
    "builder-util": {
      "version": "22.11.7",
      "resolved": "https://registry.npmjs.org/builder-util/-/builder-util-22.11.7.tgz",
      "integrity": "sha512-ihqUe5ey82LM9qqQe0/oIcaSm9w+B9UjcsWJZxJliTBsbU+sErOpDFpHW+sim0veiTF/EIcGUh9HoduWw+l9FA==",
      "requires": {
        "7zip-bin": "~5.1.1",
        "@types/debug": "^4.1.5",
        "@types/fs-extra": "^9.0.11",
        "app-builder-bin": "3.5.13",
        "bluebird-lst": "^1.0.9",
        "builder-util-runtime": "8.7.7",
        "chalk": "^4.1.1",
        "debug": "^4.3.2",
        "fs-extra": "^10.0.0",
        "is-ci": "^3.0.0",
        "js-yaml": "^4.1.0",
        "source-map-support": "^0.5.19",
        "stat-mode": "^1.0.0",
        "temp-file": "^3.4.0"
      }
    },
    "builder-util-runtime": {
      "version": "8.7.7",
      "resolved": "https://registry.npmjs.org/builder-util-runtime/-/builder-util-runtime-8.7.7.tgz",
      "integrity": "sha512-RUfoXzVrmFFI0K/Oft0CtP1LpTIOlBeLJatt5DePTI0KlxE156am4SGUpqtbbdqZNm++LkV9mX4olBDcXyGPow==",
      "requires": {
        "debug": "^4.3.2",
        "sax": "^1.2.4"
      }
    },
    "chalk": {
      "version": "4.1.1",
      "resolved": "https://registry.npmjs.org/chalk/-/chalk-4.1.1.tgz",
      "integrity": "sha512-diHzdDKxcU+bAsUboHLPEDQiw0qEe0qd7SYUn3HgcFlWgbDcfLGswOHYeGrHKzG9z6UYf01d9VFMfZxPM1xZSg==",
      "requires": {
        "ansi-styles": "^4.1.0",
        "supports-color": "^7.1.0"
      }
    },
    "ci-info": {
      "version": "3.2.0",
      "resolved": "https://registry.npmjs.org/ci-info/-/ci-info-3.2.0.tgz",
      "integrity": "sha512-dVqRX7fLUm8J6FgHJ418XuIgDLZDkYcDFTeL6TA2gt5WlIZUQrrH6EZrNClwT/H0FateUsZkGIOPRrLbP+PR9A=="
    },
    "color-convert": {
      "version": "2.0.1",
      "resolved": "https://registry.npmjs.org/color-convert/-/color-convert-2.0.1.tgz",
      "integrity": "sha512-RRECPsj7iu/xb5oKYcsFHSppFNnsj/52OVTRKb4zP5onXwVF3zVmmToNcOfGC+CRDpfK/U584fMg38ZHCaElKQ==",
      "requires": {
        "color-name": "~1.1.4"
      }
    },
    "color-name": {
      "version": "1.1.4",
      "resolved": "https://registry.npmjs.org/color-name/-/color-name-1.1.4.tgz",
      "integrity": "sha512-dOy+3AuW3a2wNbZHIuMZpTcgjGuLU/uBL/ubcZF9OXbDo8ff4O8yVp5Bf0efS8uEoYo5q4Fx7dY9OgQGXgAsQA=="
    },
    "debug": {
      "version": "4.3.2",
      "resolved": "https://registry.npmjs.org/debug/-/debug-4.3.2.tgz",
      "integrity": "sha512-mOp8wKcvj7XxC78zLgw/ZA+6TSgkoE2C/ienthhRD298T7UNwAg9diBpLRxC0mOezLl4B0xV7M0cCO6P/O0Xhw==",
      "requires": {
        "ms": "2.1.2"
      }
    },
    "electron-publish": {
      "version": "22.11.7",
      "resolved": "https://registry.npmjs.org/electron-publish/-/electron-publish-22.11.7.tgz",
      "integrity": "sha512-A4EhRRNBVz4SPzUlBrPO6BmuyDeI0pyprggPAV9rQ+SDVSnSB/WKPot9JwWMyArkGj3AUUTMNVT6hwZhMvhfqw==",
      "requires": {
        "@types/fs-extra": "^9.0.11",
        "builder-util": "22.11.7",
        "builder-util-runtime": "8.7.7",
        "chalk": "^4.1.1",
        "fs-extra": "^10.0.0",
        "lazy-val": "^1.0.5",
        "mime": "^2.5.2"
      }
    },
    "fs-extra": {
      "version": "10.0.0",
      "resolved": "https://registry.npmjs.org/fs-extra/-/fs-extra-10.0.0.tgz",
      "integrity": "sha512-C5owb14u9eJwizKGdchcDUQeFtlSHHthBk8pbX9Vc1PFZrLombudjDnNns88aYslCyF6IY5SUw3Roz6xShcEIQ==",
      "requires": {
        "graceful-fs": "^4.2.0",
        "jsonfile": "^6.0.1",
        "universalify": "^2.0.0"
      }
    },
    "graceful-fs": {
      "version": "4.2.6",
      "resolved": "https://registry.npmjs.org/graceful-fs/-/graceful-fs-4.2.6.tgz",
      "integrity": "sha512-nTnJ528pbqxYanhpDYsi4Rd8MAeaBA67+RZ10CM1m3bTAVFEDcd5AuA4a6W5YkGZ1iNXHzZz8T6TBKLeBuNriQ=="
    },
    "has-flag": {
      "version": "4.0.0",
      "resolved": "https://registry.npmjs.org/has-flag/-/has-flag-4.0.0.tgz",
      "integrity": "sha512-EykJT/Q1KjTWctppgIAgfSO0tKVuZUjhgMr17kqTumMl6Afv3EISleU7qZUzoXDFTAHTDC4NOoG/ZxU3EvlMPQ=="
    },
    "is-ci": {
      "version": "3.0.0",
      "resolved": "https://registry.npmjs.org/is-ci/-/is-ci-3.0.0.tgz",
      "integrity": "sha512-kDXyttuLeslKAHYL/K28F2YkM3x5jvFPEw3yXbRptXydjD9rpLEz+C5K5iutY9ZiUu6AP41JdvRQwF4Iqs4ZCQ==",
      "requires": {
        "ci-info": "^3.1.1"
      }
    },
    "js-yaml": {
      "version": "4.1.0",
      "resolved": "https://registry.npmjs.org/js-yaml/-/js-yaml-4.1.0.tgz",
      "integrity": "sha512-wpxZs9NoxZaJESJGIZTyDEaYpl0FKSA+FB9aJiyemKhMwkxQg63h4T1KJgUGHpTqPDNRcmmYLugrRjJlBtWvRA==",
      "requires": {
        "argparse": "^2.0.1"
      }
    },
    "jsonfile": {
      "version": "6.1.0",
      "resolved": "https://registry.npmjs.org/jsonfile/-/jsonfile-6.1.0.tgz",
      "integrity": "sha512-5dgndWOriYSm5cnYaJNhalLNDKOqFwyDB/rr1E9ZsGciGvKPs8R2xYGCacuf3z6K1YKDz182fd+fY3cn3pMqXQ==",
      "requires": {
        "graceful-fs": "^4.1.6",
        "universalify": "^2.0.0"
      }
    },
    "lazy-val": {
      "version": "1.0.5",
      "resolved": "https://registry.npmjs.org/lazy-val/-/lazy-val-1.0.5.tgz",
      "integrity": "sha512-0/BnGCCfyUMkBpeDgWihanIAF9JmZhHBgUhEqzvf+adhNGLoP6TaiI5oF8oyb3I45P+PcnrqihSf01M0l0G5+Q=="
    },
    "mime": {
      "version": "2.5.2",
      "resolved": "https://registry.npmjs.org/mime/-/mime-2.5.2.tgz",
      "integrity": "sha512-tqkh47FzKeCPD2PUiPB6pkbMzsCasjxAfC62/Wap5qrUWcb+sFasXUC5I3gYM5iBM8v/Qpn4UK0x+j0iHyFPDg=="
    },
    "ms": {
      "version": "2.1.2",
      "resolved": "https://registry.npmjs.org/ms/-/ms-2.1.2.tgz",
      "integrity": "sha512-sGkPx+VjMtmA6MX27oA4FBFELFCZZ4S4XqeGOXCv68tT+jb3vk/RyaKWP0PTKyWtmLSM0b+adUTEvbs1PEaH2w=="
    },
    "sax": {
      "version": "1.2.4",
      "resolved": "https://registry.npmjs.org/sax/-/sax-1.2.4.tgz",
      "integrity": "sha512-NqVDv9TpANUjFm0N8uM5GxL36UgKi9/atZw+x7YFnQ8ckwFGKrl4xX4yWtrey3UJm5nP1kUbnYgLopqWNSRhWw=="
    },
    "source-map": {
      "version": "0.6.1",
      "resolved": "https://registry.npmjs.org/source-map/-/source-map-0.6.1.tgz",
      "integrity": "sha512-UjgapumWlbMhkBgzT7Ykc5YXUT46F0iKu8SGXq0bcwP5dz/h0Plj6enJqjz1Zbq2l5WaqYnrVbwWOWMyF3F47g=="
    },
    "source-map-support": {
      "version": "0.5.19",
      "resolved": "https://registry.npmjs.org/source-map-support/-/source-map-support-0.5.19.tgz",
      "integrity": "sha512-Wonm7zOCIJzBGQdB+thsPar0kYuCIzYvxZwlBa87yi/Mdjv7Tip2cyVbLj5o0cFPN4EVkuTwb3GDDyUx2DGnGw==",
      "requires": {
        "buffer-from": "^1.0.0",
        "source-map": "^0.6.0"
      }
    },
    "stat-mode": {
      "version": "1.0.0",
      "resolved": "https://registry.npmjs.org/stat-mode/-/stat-mode-1.0.0.tgz",
      "integrity": "sha512-jH9EhtKIjuXZ2cWxmXS8ZP80XyC3iasQxMDV8jzhNJpfDb7VbQLVW4Wvsxz9QZvzV+G4YoSfBUVKDOyxLzi/sg=="
    },
    "supports-color": {
      "version": "7.2.0",
      "resolved": "https://registry.npmjs.org/supports-color/-/supports-color-7.2.0.tgz",
      "integrity": "sha512-qpCAvRl9stuOHveKsn7HncJRvv501qIacKzQlO/+Lwxc9+0q2wLyv4Dfvt80/DPn2pqOBsJdDiogXGR9+OvwRw==",
      "requires": {
        "has-flag": "^4.0.0"
      }
    },
    "temp-file": {
      "version": "3.4.0",
      "resolved": "https://registry.npmjs.org/temp-file/-/temp-file-3.4.0.tgz",
      "integrity": "sha512-C5tjlC/HCtVUOi3KWVokd4vHVViOmGjtLwIh4MuzPo/nMYTV/p1urt3RnMz2IWXDdKEGJH3k5+KPxtqRsUYGtg==",
      "requires": {
        "async-exit-hook": "^2.0.1",
        "fs-extra": "^10.0.0"
      }
    },
    "typescript": {
      "version": "4.3.4",
      "resolved": "https://registry.npmjs.org/typescript/-/typescript-4.3.4.tgz",
      "integrity": "sha512-uauPG7XZn9F/mo+7MrsRjyvbxFpzemRjKEZXS4AK83oP2KKOJPvb+9cO/gmnv8arWZvhnjVOXz7B49m1l0e9Ew==",
      "dev": true
    },
    "universalify": {
      "version": "2.0.0",
      "resolved": "https://registry.npmjs.org/universalify/-/universalify-2.0.0.tgz",
      "integrity": "sha512-hAZsKq7Yy11Zu1DE0OzWjw7nnLZmJZYTDZZyEFHZdUhV8FkH5MCfoU1XMaxXovpyW5nq5scPqq0ZDP9Zyl04oQ=="
    }
  }
}
